// !$*UTF8*$!
{
	archiveVersion = 1;
	classes = {
	};
	objectVersion = 46;
	objects = {

/* Begin PBXBuildFile section */
		7BD449BF1C694E9F00137D08 /* AppDelegate.swift in Sources */ = {isa = PBXBuildFile; fileRef = 7BD449BE1C694E9F00137D08 /* AppDelegate.swift */; };
		7BD449C11C694E9F00137D08 /* ViewController.swift in Sources */ = {isa = PBXBuildFile; fileRef = 7BD449C01C694E9F00137D08 /* ViewController.swift */; };
		7BD449C41C694E9F00137D08 /* Main.storyboard in Resources */ = {isa = PBXBuildFile; fileRef = 7BD449C21C694E9F00137D08 /* Main.storyboard */; };
		7BD449C61C694E9F00137D08 /* Assets.xcassets in Resources */ = {isa = PBXBuildFile; fileRef = 7BD449C51C694E9F00137D08 /* Assets.xcassets */; };
		7BD449C91C694E9F00137D08 /* LaunchScreen.storyboard in Resources */ = {isa = PBXBuildFile; fileRef = 7BD449C71C694E9F00137D08 /* LaunchScreen.storyboard */; };
		7BD449D41C694E9F00137D08 /* Walk_SafeTests.swift in Sources */ = {isa = PBXBuildFile; fileRef = 7BD449D31C694E9F00137D08 /* Walk_SafeTests.swift */; };
		7BD449DF1C694E9F00137D08 /* Walk_SafeUITests.swift in Sources */ = {isa = PBXBuildFile; fileRef = 7BD449DE1C694E9F00137D08 /* Walk_SafeUITests.swift */; };
		7BD5ADCE1C6A3494008915B7 /* MapKit.framework in Frameworks */ = {isa = PBXBuildFile; fileRef = 7BD5ADCD1C6A3494008915B7 /* MapKit.framework */; };
/* End PBXBuildFile section */

/* Begin PBXContainerItemProxy section */
		7BD449D01C694E9F00137D08 /* PBXContainerItemProxy */ = {
			isa = PBXContainerItemProxy;
			containerPortal = 7BD449B31C694E9F00137D08 /* Project object */;
			proxyType = 1;
			remoteGlobalIDString = 7BD449BA1C694E9F00137D08;
			remoteInfo = "Walk Safe";
		};
		7BD449DB1C694E9F00137D08 /* PBXContainerItemProxy */ = {
			isa = PBXContainerItemProxy;
			containerPortal = 7BD449B31C694E9F00137D08 /* Project object */;
			proxyType = 1;
			remoteGlobalIDString = 7BD449BA1C694E9F00137D08;
			remoteInfo = "Walk Safe";
		};
/* End PBXContainerItemProxy section */

/* Begin PBXFileReference section */
		7BD449BB1C694E9F00137D08 /* Walk Safe.app */ = {isa = PBXFileReference; explicitFileType = wrapper.application; includeInIndex = 0; path = "Walk Safe.app"; sourceTree = BUILT_PRODUCTS_DIR; };
		7BD449BE1C694E9F00137D08 /* AppDelegate.swift */ = {isa = PBXFileReference; lastKnownFileType = sourcecode.swift; path = AppDelegate.swift; sourceTree = "<group>"; };
		7BD449C01C694E9F00137D08 /* ViewController.swift */ = {isa = PBXFileReference; lastKnownFileType = sourcecode.swift; path = ViewController.swift; sourceTree = "<group>"; };
		7BD449C31C694E9F00137D08 /* Base */ = {isa = PBXFileReference; lastKnownFileType = file.storyboard; name = Base; path = Base.lproj/Main.storyboard; sourceTree = "<group>"; };
		7BD449C51C694E9F00137D08 /* Assets.xcassets */ = {isa = PBXFileReference; lastKnownFileType = folder.assetcatalog; path = Assets.xcassets; sourceTree = "<group>"; };
		7BD449C81C694E9F00137D08 /* Base */ = {isa = PBXFileReference; lastKnownFileType = file.storyboard; name = Base; path = Base.lproj/LaunchScreen.storyboard; sourceTree = "<group>"; };
		7BD449CA1C694E9F00137D08 /* Info.plist */ = {isa = PBXFileReference; lastKnownFileType = text.plist.xml; path = Info.plist; sourceTree = "<group>"; };
		7BD449CF1C694E9F00137D08 /* Walk SafeTests.xctest */ = {isa = PBXFileReference; explicitFileType = wrapper.cfbundle; includeInIndex = 0; path = "Walk SafeTests.xctest"; sourceTree = BUILT_PRODUCTS_DIR; };
		7BD449D31C694E9F00137D08 /* Walk_SafeTests.swift */ = {isa = PBXFileReference; lastKnownFileType = sourcecode.swift; path = Walk_SafeTests.swift; sourceTree = "<group>"; };
		7BD449D51C694E9F00137D08 /* Info.plist */ = {isa = PBXFileReference; lastKnownFileType = text.plist.xml; path = Info.plist; sourceTree = "<group>"; };
		7BD449DA1C694E9F00137D08 /* Walk SafeUITests.xctest */ = {isa = PBXFileReference; explicitFileType = wrapper.cfbundle; includeInIndex = 0; path = "Walk SafeUITests.xctest"; sourceTree = BUILT_PRODUCTS_DIR; };
		7BD449DE1C694E9F00137D08 /* Walk_SafeUITests.swift */ = {isa = PBXFileReference; lastKnownFileType = sourcecode.swift; path = Walk_SafeUITests.swift; sourceTree = "<group>"; };
		7BD449E01C694E9F00137D08 /* Info.plist */ = {isa = PBXFileReference; lastKnownFileType = text.plist.xml; path = Info.plist; sourceTree = "<group>"; };
		7BD5ADCD1C6A3494008915B7 /* MapKit.framework */ = {isa = PBXFileReference; lastKnownFileType = wrapper.framework; name = MapKit.framework; path = System/Library/Frameworks/MapKit.framework; sourceTree = SDKROOT; };
/* End PBXFileReference section */

/* Begin PBXFrameworksBuildPhase section */
		7BD449B81C694E9F00137D08 /* Frameworks */ = {
			isa = PBXFrameworksBuildPhase;
			buildActionMask = 2147483647;
			files = (
				7BD5ADCE1C6A3494008915B7 /* MapKit.framework in Frameworks */,
			);
			runOnlyForDeploymentPostprocessing = 0;
		};
		7BD449CC1C694E9F00137D08 /* Frameworks */ = {
			isa = PBXFrameworksBuildPhase;
			buildActionMask = 2147483647;
			files = (
			);
			runOnlyForDeploymentPostprocessing = 0;
		};
		7BD449D71C694E9F00137D08 /* Frameworks */ = {
			isa = PBXFrameworksBuildPhase;
			buildActionMask = 2147483647;
			files = (
			);
			runOnlyForDeploymentPostprocessing = 0;
		};
/* End PBXFrameworksBuildPhase section */

/* Begin PBXGroup section */
		7BD449B21C694E9F00137D08 = {
			isa = PBXGroup;
			children = (
				7BD5ADCD1C6A3494008915B7 /* MapKit.framework */,
				7BD449BD1C694E9F00137D08 /* Walk Safe */,
				7BD449D21C694E9F00137D08 /* Walk SafeTests */,
				7BD449DD1C694E9F00137D08 /* Walk SafeUITests */,
				7BD449BC1C694E9F00137D08 /* Products */,
			);
			sourceTree = "<group>";
		};
		7BD449BC1C694E9F00137D08 /* Products */ = {
			isa = PBXGroup;
			children = (
				7BD449BB1C694E9F00137D08 /* Walk Safe.app */,
				7BD449CF1C694E9F00137D08 /* Walk SafeTests.xctest */,
				7BD449DA1C694E9F00137D08 /* Walk SafeUITests.xctest */,
			);
			name = Products;
			sourceTree = "<group>";
		};
		7BD449BD1C694E9F00137D08 /* Walk Safe */ = {
			isa = PBXGroup;
			children = (
				7BD449BE1C694E9F00137D08 /* AppDelegate.swift */,
				7BD449C01C694E9F00137D08 /* ViewController.swift */,
				7BD449C21C694E9F00137D08 /* Main.storyboard */,
				7BD449C51C694E9F00137D08 /* Assets.xcassets */,
				7BD449C71C694E9F00137D08 /* LaunchScreen.storyboard */,
				7BD449CA1C694E9F00137D08 /* Info.plist */,
			);
			path = "Walk Safe";
			sourceTree = "<group>";
		};
		7BD449D21C694E9F00137D08 /* Walk SafeTests */ = {
			isa = PBXGroup;
			children = (
				7BD449D31C694E9F00137D08 /* Walk_SafeTests.swift */,
				7BD449D51C694E9F00137D08 /* Info.plist */,
			);
			path = "Walk SafeTests";
			sourceTree = "<group>";
		};
		7BD449DD1C694E9F00137D08 /* Walk SafeUITests */ = {
			isa = PBXGroup;
			children = (
				7BD449DE1C694E9F00137D08 /* Walk_SafeUITests.swift */,
				7BD449E01C694E9F00137D08 /* Info.plist */,
			);
			path = "Walk SafeUITests";
			sourceTree = "<group>";
		};
/* End PBXGroup section */

/* Begin PBXNativeTarget section */
		7BD449BA1C694E9F00137D08 /* Walk Safe */ = {
			isa = PBXNativeTarget;
			buildConfigurationList = 7BD449E31C694E9F00137D08 /* Build configuration list for PBXNativeTarget "Walk Safe" */;
			buildPhases = (
				7BD449B71C694E9F00137D08 /* Sources */,
				7BD449B81C694E9F00137D08 /* Frameworks */,
				7BD449B91C694E9F00137D08 /* Resources */,
			);
			buildRules = (
			);
			dependencies = (
			);
			name = "Walk Safe";
			productName = "Walk Safe";
			productReference = 7BD449BB1C694E9F00137D08 /* Walk Safe.app */;
			productType = "com.apple.product-type.application";
		};
		7BD449CE1C694E9F00137D08 /* Walk SafeTests */ = {
			isa = PBXNativeTarget;
			buildConfigurationList = 7BD449E61C694E9F00137D08 /* Build configuration list for PBXNativeTarget "Walk SafeTests" */;
			buildPhases = (
				7BD449CB1C694E9F00137D08 /* Sources */,
				7BD449CC1C694E9F00137D08 /* Frameworks */,
				7BD449CD1C694E9F00137D08 /* Resources */,
			);
			buildRules = (
			);
			dependencies = (
				7BD449D11C694E9F00137D08 /* PBXTargetDependency */,
			);
			name = "Walk SafeTests";
			productName = "Walk SafeTests";
			productReference = 7BD449CF1C694E9F00137D08 /* Walk SafeTests.xctest */;
			productType = "com.apple.product-type.bundle.unit-test";
		};
		7BD449D91C694E9F00137D08 /* Walk SafeUITests */ = {
			isa = PBXNativeTarget;
			buildConfigurationList = 7BD449E91C694E9F00137D08 /* Build configuration list for PBXNativeTarget "Walk SafeUITests" */;
			buildPhases = (
				7BD449D61C694E9F00137D08 /* Sources */,
				7BD449D71C694E9F00137D08 /* Frameworks */,
				7BD449D81C694E9F00137D08 /* Resources */,
			);
			buildRules = (
			);
			dependencies = (
				7BD449DC1C694E9F00137D08 /* PBXTargetDependency */,
			);
			name = "Walk SafeUITests";
			productName = "Walk SafeUITests";
			productReference = 7BD449DA1C694E9F00137D08 /* Walk SafeUITests.xctest */;
			productType = "com.apple.product-type.bundle.ui-testing";
		};
/* End PBXNativeTarget section */

/* Begin PBXProject section */
		7BD449B31C694E9F00137D08 /* Project object */ = {
			isa = PBXProject;
			attributes = {
				LastSwiftUpdateCheck = 0720;
				LastUpgradeCheck = 0720;
				ORGANIZATIONNAME = "Tufts University";
				TargetAttributes = {
					7BD449BA1C694E9F00137D08 = {
						CreatedOnToolsVersion = 7.2.1;
					};
					7BD449CE1C694E9F00137D08 = {
						CreatedOnToolsVersion = 7.2.1;
						TestTargetID = 7BD449BA1C694E9F00137D08;
					};
					7BD449D91C694E9F00137D08 = {
						CreatedOnToolsVersion = 7.2.1;
						TestTargetID = 7BD449BA1C694E9F00137D08;
					};
				};
			};
			buildConfigurationList = 7BD449B61C694E9F00137D08 /* Build configuration list for PBXProject "Walk Safe" */;
			compatibilityVersion = "Xcode 3.2";
			developmentRegion = English;
			hasScannedForEncodings = 0;
			knownRegions = (
				en,
				Base,
			);
			mainGroup = 7BD449B21C694E9F00137D08;
			productRefGroup = 7BD449BC1C694E9F00137D08 /* Products */;
			projectDirPath = "";
			projectRoot = "";
			targets = (
				7BD449BA1C694E9F00137D08 /* Walk Safe */,
				7BD449CE1C694E9F00137D08 /* Walk SafeTests */,
				7BD449D91C694E9F00137D08 /* Walk SafeUITests */,
			);
		};
/* End PBXProject section */

/* Begin PBXResourcesBuildPhase section */
		7BD449B91C694E9F00137D08 /* Resources */ = {
			isa = PBXResourcesBuildPhase;
			buildActionMask = 2147483647;
			files = (
				7BD449C91C694E9F00137D08 /* LaunchScreen.storyboard in Resources */,
				7BD449C61C694E9F00137D08 /* Assets.xcassets in Resources */,
				7BD449C41C694E9F00137D08 /* Main.storyboard in Resources */,
			);
			runOnlyForDeploymentPostprocessing = 0;
		};
		7BD449CD1C694E9F00137D08 /* Resources */ = {
			isa = PBXResourcesBuildPhase;
			buildActionMask = 2147483647;
			files = (
			);
			runOnlyForDeploymentPostprocessing = 0;
		};
		7BD449D81C694E9F00137D08 /* Resources */ = {
			isa = PBXResourcesBuildPhase;
			buildActionMask = 2147483647;
			files = (
			);
			runOnlyForDeploymentPostprocessing = 0;
		};
/* End PBXResourcesBuildPhase section */

/* Begin PBXSourcesBuildPhase section */
		7BD449B71C694E9F00137D08 /* Sources */ = {
			isa = PBXSourcesBuildPhase;
			buildActionMask = 2147483647;
			files = (
				7BD449C11C694E9F00137D08 /* ViewController.swift in Sources */,
				7BD449BF1C694E9F00137D08 /* AppDelegate.swift in Sources */,
			);
			runOnlyForDeploymentPostprocessing = 0;
		};
		7BD449CB1C694E9F00137D08 /* Sources */ = {
			isa = PBXSourcesBuildPhase;
			buildActionMask = 2147483647;
			files = (
				7BD449D41C694E9F00137D08 /* Walk_SafeTests.swift in Sources */,
			);
			runOnlyForDeploymentPostprocessing = 0;
		};
		7BD449D61C694E9F00137D08 /* Sources */ = {
			isa = PBXSourcesBuildPhase;
			buildActionMask = 2147483647;
			files = (
				7BD449DF1C694E9F00137D08 /* Walk_SafeUITests.swift in Sources */,
			);
			runOnlyForDeploymentPostprocessing = 0;
		};
/* End PBXSourcesBuildPhase section */

/* Begin PBXTargetDependency section */
		7BD449D11C694E9F00137D08 /* PBXTargetDependency */ = {
			isa = PBXTargetDependency;
			target = 7BD449BA1C694E9F00137D08 /* Walk Safe */;
			targetProxy = 7BD449D01C694E9F00137D08 /* PBXContainerItemProxy */;
		};
		7BD449DC1C694E9F00137D08 /* PBXTargetDependency */ = {
			isa = PBXTargetDependency;
			target = 7BD449BA1C694E9F00137D08 /* Walk Safe */;
			targetProxy = 7BD449DB1C694E9F00137D08 /* PBXContainerItemProxy */;
		};
/* End PBXTargetDependency section */

/* Begin PBXVariantGroup section */
		7BD449C21C694E9F00137D08 /* Main.storyboard */ = {
			isa = PBXVariantGroup;
			children = (
				7BD449C31C694E9F00137D08 /* Base */,
			);
			name = Main.storyboard;
			sourceTree = "<group>";
		};
		7BD449C71C694E9F00137D08 /* LaunchScreen.storyboard */ = {
			isa = PBXVariantGroup;
			children = (
				7BD449C81C694E9F00137D08 /* Base */,
			);
			name = LaunchScreen.storyboard;
			sourceTree = "<group>";
		};
/* End PBXVariantGroup section */

/* Begin XCBuildConfiguration section */
		7BD449E11C694E9F00137D08 /* Debug */ = {
			isa = XCBuildConfiguration;
			buildSettings = {
				ALWAYS_SEARCH_USER_PATHS = NO;
				CLANG_CXX_LANGUAGE_STANDARD = "gnu++0x";
				CLANG_CXX_LIBRARY = "libc++";
				CLANG_ENABLE_MODULES = YES;
				CLANG_ENABLE_OBJC_ARC = YES;
				CLANG_WARN_BOOL_CONVERSION = YES;
				CLANG_WARN_CONSTANT_CONVERSION = YES;
				CLANG_WARN_DIRECT_OBJC_ISA_USAGE = YES_ERROR;
				CLANG_WARN_EMPTY_BODY = YES;
				CLANG_WARN_ENUM_CONVERSION = YES;
				CLANG_WARN_INT_CONVERSION = YES;
				CLANG_WARN_OBJC_ROOT_CLASS = YES_ERROR;
				CLANG_WARN_UNREACHABLE_CODE = YES;
				CLANG_WARN__DUPLICATE_METHOD_MATCH = YES;
				"CODE_SIGN_IDENTITY[sdk=iphoneos*]" = "iPhone Developer";
				COPY_PHASE_STRIP = NO;
				DEBUG_INFORMATION_FORMAT = dwarf;
				ENABLE_STRICT_OBJC_MSGSEND = YES;
				ENABLE_TESTABILITY = YES;
				GCC_C_LANGUAGE_STANDARD = gnu99;
				GCC_DYNAMIC_NO_PIC = NO;
				GCC_NO_COMMON_BLOCKS = YES;
				GCC_OPTIMIZATION_LEVEL = 0;
				GCC_PREPROCESSOR_DEFINITIONS = (
					"DEBUG=1",
					"$(inherited)",
				);
				GCC_WARN_64_TO_32_BIT_CONVERSION = YES;
				GCC_WARN_ABOUT_RETURN_TYPE = YES_ERROR;
				GCC_WARN_UNDECLARED_SELECTOR = YES;
				GCC_WARN_UNINITIALIZED_AUTOS = YES_AGGRESSIVE;
				GCC_WARN_UNUSED_FUNCTION = YES;
				GCC_WARN_UNUSED_VARIABLE = YES;
				IPHONEOS_DEPLOYMENT_TARGET = 9.2;
				MTL_ENABLE_DEBUG_INFO = YES;
				ONLY_ACTIVE_ARCH = YES;
				SDKROOT = iphoneos;
				SWIFT_OPTIMIZATION_LEVEL = "-Onone";
			};
			name = Debug;
		};
		7BD449E21C694E9F00137D08 /* Release */ = {
			isa = XCBuildConfiguration;
			buildSettings = {
				ALWAYS_SEARCH_USER_PATHS = NO;
				CLANG_CXX_LANGUAGE_STANDARD = "gnu++0x";
				CLANG_CXX_LIBRARY = "libc++";
				CLANG_ENABLE_MODULES = YES;
				CLANG_ENABLE_OBJC_ARC = YES;
				CLANG_WARN_BOOL_CONVERSION = YES;
				CLANG_WARN_CONSTANT_CONVERSION = YES;
				CLANG_WARN_DIRECT_OBJC_ISA_USAGE = YES_ERROR;
				CLANG_WARN_EMPTY_BODY = YES;
				CLANG_WARN_ENUM_CONVERSION = YES;
				CLANG_WARN_INT_CONVERSION = YES;
				CLANG_WARN_OBJC_ROOT_CLASS = YES_ERROR;
				CLANG_WARN_UNREACHABLE_CODE = YES;
				CLANG_WARN__DUPLICATE_METHOD_MATCH = YES;
				"CODE_SIGN_IDENTITY[sdk=iphoneos*]" = "iPhone Developer";
				COPY_PHASE_STRIP = NO;
				DEBUG_INFORMATION_FORMAT = "dwarf-with-dsym";
				ENABLE_NS_ASSERTIONS = NO;
				ENABLE_STRICT_OBJC_MSGSEND = YES;
				GCC_C_LANGUAGE_STANDARD = gnu99;
				GCC_NO_COMMON_BLOCKS = YES;
				GCC_WARN_64_TO_32_BIT_CONVERSION = YES;
				GCC_WARN_ABOUT_RETURN_TYPE = YES_ERROR;
				GCC_WARN_UNDECLARED_SELECTOR = YES;
				GCC_WARN_UNINITIALIZED_AUTOS = YES_AGGRESSIVE;
				GCC_WARN_UNUSED_FUNCTION = YES;
				GCC_WARN_UNUSED_VARIABLE = YES;
				IPHONEOS_DEPLOYMENT_TARGET = 9.2;
				MTL_ENABLE_DEBUG_INFO = NO;
				SDKROOT = iphoneos;
				VALIDATE_PRODUCT = YES;
			};
			name = Release;
		};
		7BD449E41C694E9F00137D08 /* Debug */ = {
			isa = XCBuildConfiguration;
			buildSettings = {
				ASSETCATALOG_COMPILER_APPICON_NAME = AppIcon;
				INFOPLIST_FILE = "Walk Safe/Info.plist";
				LD_RUNPATH_SEARCH_PATHS = "$(inherited) @executable_path/Frameworks";
				PRODUCT_BUNDLE_IDENTIFIER = "edu.tufts.cs.Walk-Safe";
				PRODUCT_NAME = "$(TARGET_NAME)";
			};
			name = Debug;
		};
		7BD449E51C694E9F00137D08 /* Release */ = {
			isa = XCBuildConfiguration;
			buildSettings = {
				ASSETCATALOG_COMPILER_APPICON_NAME = AppIcon;
				INFOPLIST_FILE = "Walk Safe/Info.plist";
				LD_RUNPATH_SEARCH_PATHS = "$(inherited) @executable_path/Frameworks";
				PRODUCT_BUNDLE_IDENTIFIER = "edu.tufts.cs.Walk-Safe";
				PRODUCT_NAME = "$(TARGET_NAME)";
			};
			name = Release;
		};
		7BD449E71C694E9F00137D08 /* Debug */ = {
			isa = XCBuildConfiguration;
			buildSettings = {
				BUNDLE_LOADER = "$(TEST_HOST)";
				INFOPLIST_FILE = "Walk SafeTests/Info.plist";
				LD_RUNPATH_SEARCH_PATHS = "$(inherited) @executable_path/Frameworks @loader_path/Frameworks";
				PRODUCT_BUNDLE_IDENTIFIER = "edu.tufts.cs.Walk-SafeTests";
				PRODUCT_NAME = "$(TARGET_NAME)";
				TEST_HOST = "$(BUILT_PRODUCTS_DIR)/Walk Safe.app/Walk Safe";
			};
			name = Debug;
		};
		7BD449E81C694E9F00137D08 /* Release */ = {
			isa = XCBuildConfiguration;
			buildSettings = {
				BUNDLE_LOADER = "$(TEST_HOST)";
				INFOPLIST_FILE = "Walk SafeTests/Info.plist";
				LD_RUNPATH_SEARCH_PATHS = "$(inherited) @executable_path/Frameworks @loader_path/Frameworks";
				PRODUCT_BUNDLE_IDENTIFIER = "edu.tufts.cs.Walk-SafeTests";
				PRODUCT_NAME = "$(TARGET_NAME)";
				TEST_HOST = "$(BUILT_PRODUCTS_DIR)/Walk Safe.app/Walk Safe";
			};
			name = Release;
		};
		7BD449EA1C694E9F00137D08 /* Debug */ = {
			isa = XCBuildConfiguration;
			buildSettings = {
				INFOPLIST_FILE = "Walk SafeUITests/Info.plist";
				LD_RUNPATH_SEARCH_PATHS = "$(inherited) @executable_path/Frameworks @loader_path/Frameworks";
				PRODUCT_BUNDLE_IDENTIFIER = "edu.tufts.cs.Walk-SafeUITests";
				PRODUCT_NAME = "$(TARGET_NAME)";
				TEST_TARGET_NAME = "Walk Safe";
				USES_XCTRUNNER = YES;
			};
			name = Debug;
		};
		7BD449EB1C694E9F00137D08 /* Release */ = {
			isa = XCBuildConfiguration;
			buildSettings = {
				INFOPLIST_FILE = "Walk SafeUITests/Info.plist";
				LD_RUNPATH_SEARCH_PATHS = "$(inherited) @executable_path/Frameworks @loader_path/Frameworks";
				PRODUCT_BUNDLE_IDENTIFIER = "edu.tufts.cs.Walk-SafeUITests";
				PRODUCT_NAME = "$(TARGET_NAME)";
				TEST_TARGET_NAME = "Walk Safe";
				USES_XCTRUNNER = YES;
			};
			name = Release;
		};
/* End XCBuildConfiguration section */

/* Begin XCConfigurationList section */
		7BD449B61C694E9F00137D08 /* Build configuration list for PBXProject "Walk Safe" */ = {
			isa = XCConfigurationList;
			buildConfigurations = (
				7BD449E11C694E9F00137D08 /* Debug */,
				7BD449E21C694E9F00137D08 /* Release */,
			);
			defaultConfigurationIsVisible = 0;
			defaultConfigurationName = Release;
		};
		7BD449E31C694E9F00137D08 /* Build configuration list for PBXNativeTarget "Walk Safe" */ = {
			isa = XCConfigurationList;
			buildConfigurations = (
				7BD449E41C694E9F00137D08 /* Debug */,
				7BD449E51C694E9F00137D08 /* Release */,
			);
			defaultConfigurationIsVisible = 0;
			defaultConfigurationName = Release;
		};
		7BD449E61C694E9F00137D08 /* Build configuration list for PBXNativeTarget "Walk SafeTests" */ = {
			isa = XCConfigurationList;
			buildConfigurations = (
				7BD449E71C694E9F00137D08 /* Debug */,
				7BD449E81C694E9F00137D08 /* Release */,
			);
			defaultConfigurationIsVisible = 0;
			defaultConfigurationName = Release;
		};
		7BD449E91C694E9F00137D08 /* Build configuration list for PBXNativeTarget "Walk SafeUITests" */ = {
			isa = XCConfigurationList;
			buildConfigurations = (
				7BD449EA1C694E9F00137D08 /* Debug */,
				7BD449EB1C694E9F00137D08 /* Release */,
			);
			defaultConfigurationIsVisible = 0;
			defaultConfigurationName = Release;
		};
/* End XCConfigurationList section */
	};
	rootObject = 7BD449B31C694E9F00137D08 /* Project object */;
}
